{
    "_meta": {
        "hash": {
            "sha256": "ffac6952fc8e9b64710b9a7a88f7cf9aca91b2e640b69147610ac22b8b3d9abb"
        },
        "pipfile-spec": 6,
        "requires": {
            "python_version": "3.8"
        },
        "sources": [
            {
                "name": "pypi",
                "url": "https://pypi.org/simple",
                "verify_ssl": true
            }
        ]
    },
    "default": {
        "aicspylibczi": {
            "hashes": [
                "sha256:0b0614ab23b345c80e00dcf51490d2e06f1e6deeca5159382305ca295acf8586",
                "sha256:111236514cd934ca37aacbc9152074b531b2c2f8f5dfb0353e497a07d40d4fde",
                "sha256:165c27d5a116f598296445fe76e6be0a5ce0aa56f7c77969dcba3fe55a9466a8",
                "sha256:19f1b111b41383914bfbfd4fdf7e90bad7c6a253b9005c928ae04a1eadd7e373",
                "sha256:216eb298bb5e4cca5ced5e084e59951433bee7b6c8858e05bfe8306cf106b8bf",
                "sha256:2d501076cfd9e69c7bdc2195869ae5db38428dd48c9647baced3e06e82e79e86",
                "sha256:36666c5703675bdca2eeadfe09fb17aa7dd0e4f0defbb0503aaa36b185f42fba",
                "sha256:4b1db2ee214f472e5988c306ff2c87f9381c90158978169150ed6ca62653eaba",
                "sha256:6e6655d16385be2af07a42b64a157fa201c3084d94cdee706fc96f95cea6ecc9",
                "sha256:799709413636bb5b636327ffd2b776cf23830ba8da40858c0225de95a0e4dfa9",
                "sha256:8524d949d69ca0d5a7d821b6fffced37ad4d8554ac9cb6f3155444ff03a211ee",
                "sha256:9014b50912ba844b2fd228d7b76178170076bf9c712a7ffe86d3587aa3b8860d",
                "sha256:959bb8bedb0f2b808e5c7dbc088e663f379c078a69603a3374825e4764e717c2",
                "sha256:99350993b90127247998c0ab20e981c8e885d7a6be9653f8b459fe87237b7d92",
                "sha256:ba6c62ff18fd112e4e2b9b105a0e9551d64e3ab8eb05d6dc1c9b8bd88bb0ce4b",
                "sha256:bb0825fdde84c47b92d03352e63f258fab411187b2b95f3159c11d507a3a397d",
                "sha256:c01742e9a94bb72b0f5cb38a82004ce88a23c3ea10ed5e760bac6c7babbb8848",
                "sha256:d8247e77040b159a69e2e3d373e1acc4720d999e47d865bdbba27699f20ff2ea",
                "sha256:fbbce9d3dd88db3b4f370ece130063470322e40a6ceeadd0b1b414633133da44"
            ],
            "index": "pypi",
            "version": "==3.0.5"
        },
        "numpy": {
            "hashes": [
                "sha256:07a8c89a04997625236c5ecb7afe35a02af3896c8aa01890a849913a2309c676",
                "sha256:08d9b008d0156c70dc392bb3ab3abb6e7a711383c3247b410b39962263576cd4",
                "sha256:201b4d0552831f7250a08d3b38de0d989d6f6e4658b709a02a73c524ccc6ffce",
                "sha256:2c10a93606e0b4b95c9b04b77dc349b398fdfbda382d2a39ba5a822f669a0123",
                "sha256:3ca688e1b9b95d80250bca34b11a05e389b1420d00e87a0d12dc45f131f704a1",
                "sha256:48a3aecd3b997bf452a2dedb11f4e79bc5bfd21a1d4cc760e703c31d57c84b3e",
                "sha256:568dfd16224abddafb1cbcce2ff14f522abe037268514dd7e42c6776a1c3f8e5",
                "sha256:5bfb1bb598e8229c2d5d48db1860bcf4311337864ea3efdbe1171fb0c5da515d",
                "sha256:639b54cdf6aa4f82fe37ebf70401bbb74b8508fddcf4797f9fe59615b8c5813a",
                "sha256:8251ed96f38b47b4295b1ae51631de7ffa8260b5b087808ef09a39a9d66c97ab",
                "sha256:92bfa69cfbdf7dfc3040978ad09a48091143cffb778ec3b03fa170c494118d75",
                "sha256:97098b95aa4e418529099c26558eeb8486e66bd1e53a6b606d684d0c3616b168",
                "sha256:a3bae1a2ed00e90b3ba5f7bd0a7c7999b55d609e0c54ceb2b076a25e345fa9f4",
                "sha256:c34ea7e9d13a70bf2ab64a2532fe149a9aced424cd05a2c4ba662fd989e3e45f",
                "sha256:dbc7601a3b7472d559dc7b933b18b4b66f9aa7452c120e87dfb33d02008c8a18",
                "sha256:e7927a589df200c5e23c57970bafbd0cd322459aa7b1ff73b7c2e84d6e3eae62",
                "sha256:f8c1f39caad2c896bc0018f699882b345b2a63708008be29b1f355ebf6f933fe",
                "sha256:f950f8845b480cffe522913d35567e29dd381b0dc7e4ce6a4a9f9156417d2430",
                "sha256:fade0d4f4d292b6f39951b6836d7a3c7ef5b2347f3c420cd9820a1d90d794802",
                "sha256:fdf3c08bce27132395d3c3ba1503cac12e17282358cb4bddc25cc46b0aca07aa"
            ],
            "markers": "python_version >= '3.8'",
            "version": "==1.22.3"
        }
    },
    "develop": {}
}
